
Microsoft Visual Studio Solution File, Format Version 12.00
# Visual Studio Version 16
VisualStudioVersion = 16.0.30523.141
MinimumVisualStudioVersion = 10.0.40219.1
Project("{FAE04EC0-301F-11D3-BF4B-00C04F79EFBC}") = "MyFirstApp", "MyFirstApp.csproj", "{80FFC202-F3B2-4A32-A0BA-732242EAA9AA}"
EndProject
Global
	GlobalSection(SolutionConfigurationPlatforms) = preSolution
		Debug|Any CPU = Debug|Any CPU
		Release|Any CPU = Release|Any CPU
	EndGlobalSection
	GlobalSection(ProjectConfigurationPlatforms) = postSolution
		{80FFC202-F3B2-4A32-A0BA-732242EAA9AA}.Debug|Any CPU.ActiveCfg = Debug|Any CPU
		{80FFC202-F3B2-4A32-A0BA-732242EAA9AA}.Debug|Any CPU.Build.0 = Debug|Any CPU
		{80FFC202-F3B2-4A32-A0BA-732242EAA9AA}.Release|Any CPU.ActiveCfg = Release|Any CPU
		{80FFC202-F3B2-4A32-A0BA-732242EAA9AA}.Release|Any CPU.Build.0 = Release|Any CPU
	EndGlobalSection
	GlobalSection(SolutionProperties) = preSolution
		HideSolutionNode = FALSE
	EndGlobalSection
	GlobalSection(ExtensibilityGlobals) = postSolution
		SolutionGuid = {CAC5FD15-FFD5-49E5-A5C8-D2EDCE9E1BF0}
	EndGlobalSection
EndGlobal
